
Microsoft Visual Studio Solution File, Format Version 12.00
# Visual Studio 15
VisualStudioVersion = 15.0.27703.2047
MinimumVisualStudioVersion = 10.0.40219.1
Project("{8BC9CEB8-8B4A-11D0-8D11-00A0C91BC942}") = "SnakeGame", "SnakeGame\SnakeGame.vcxproj", "{516B36E5-76C2-44D3-921D-387FD03EFADA}"
EndProject
Global
	GlobalSection(SolutionConfigurationPlatforms) = preSolution
		Debug|x64 = Debug|x64
		Debug|x86 = Debug|x86
		Release|x64 = Release|x64
		Release|x86 = Release|x86
	EndGlobalSection
	GlobalSection(ProjectConfigurationPlatforms) = postSolution
		{516B36E5-76C2-44D3-921D-387FD03EFADA}.Debug|x64.ActiveCfg = Debug|x64
		{516B36E5-76C2-44D3-921D-387FD03EFADA}.Debug|x64.Build.0 = Debug|x64
		{516B36E5-76C2-44D3-921D-387FD03EFADA}.Debug|x86.ActiveCfg = Debug|Win32
		{516B36E5-76C2-44D3-921D-387FD03EFADA}.Debug|x86.Build.0 = Debug|Win32
		{516B36E5-76C2-44D3-921D-387FD03EFADA}.Release|x64.ActiveCfg = Release|x64
		{516B36E5-76C2-44D3-921D-387FD03EFADA}.Release|x64.Build.0 = Release|x64
		{516B36E5-76C2-44D3-921D-387FD03EFADA}.Release|x86.ActiveCfg = Release|Win32
		{516B36E5-76C2-44D3-921D-387FD03EFADA}.Release|x86.Build.0 = Release|Win32
	EndGlobalSection
	GlobalSection(SolutionProperties) = preSolution
		HideSolutionNode = FALSE
	EndGlobalSection
	GlobalSection(ExtensibilityGlobals) = postSolution
		SolutionGuid = {EC2271E1-3136-4D72-A5B3-9F1F7265DB9A}
	EndGlobalSection
EndGlobal
